// !$*UTF8*$!
{
	archiveVersion = 1;
	classes = {
	};
	objectVersion = 46;
	objects = {

/* Begin PBXBuildFile section */
		990C72AC1F0B88260085CBBF /* QYCollectionVC.m in Sources */ = {isa = PBXBuildFile; fileRef = 990C72AB1F0B88260085CBBF /* QYCollectionVC.m */; };
		990C72B01F0B8A900085CBBF /* QYCollectionViewCell.m in Sources */ = {isa = PBXBuildFile; fileRef = 990C72AE1F0B8A900085CBBF /* QYCollectionViewCell.m */; };
		990C72B11F0B8A900085CBBF /* QYCollectionViewCell.xib in Resources */ = {isa = PBXBuildFile; fileRef = 990C72AF1F0B8A900085CBBF /* QYCollectionViewCell.xib */; };
		990C72B41F0B90BB0085CBBF /* QYFlowLayout.m in Sources */ = {isa = PBXBuildFile; fileRef = 990C72B31F0B90BB0085CBBF /* QYFlowLayout.m */; };
		990C72B71F0B95340085CBBF /* QYLayout.m in Sources */ = {isa = PBXBuildFile; fileRef = 990C72B61F0B95340085CBBF /* QYLayout.m */; };
		990C72BD1F0B9BB80085CBBF /* UIImage+ColorImage.m in Sources */ = {isa = PBXBuildFile; fileRef = 990C72BA1F0B9BB80085CBBF /* UIImage+ColorImage.m */; };
		990C72BE1F0B9BB80085CBBF /* UIView+Util.m in Sources */ = {isa = PBXBuildFile; fileRef = 990C72BC1F0B9BB80085CBBF /* UIView+Util.m */; };
		990C72C21F0BA0F00085CBBF /* QYCollectionTableVC.m in Sources */ = {isa = PBXBuildFile; fileRef = 990C72C11F0BA0F00085CBBF /* QYCollectionTableVC.m */; };
		999FD0F21F01E8B600F8437A /* main.m in Sources */ = {isa = PBXBuildFile; fileRef = 999FD0F11F01E8B600F8437A /* main.m */; };
		999FD0F51F01E8B600F8437A /* AppDelegate.m in Sources */ = {isa = PBXBuildFile; fileRef = 999FD0F41F01E8B600F8437A /* AppDelegate.m */; };
		999FD0FB1F01E8B600F8437A /* Main.storyboard in Resources */ = {isa = PBXBuildFile; fileRef = 999FD0F91F01E8B600F8437A /* Main.storyboard */; };
		999FD0FE1F01E8B600F8437A /* QYDemos.xcdatamodeld in Sources */ = {isa = PBXBuildFile; fileRef = 999FD0FC1F01E8B600F8437A /* QYDemos.xcdatamodeld */; };
		999FD1001F01E8B600F8437A /* Assets.xcassets in Resources */ = {isa = PBXBuildFile; fileRef = 999FD0FF1F01E8B600F8437A /* Assets.xcassets */; };
		999FD1031F01E8B600F8437A /* LaunchScreen.storyboard in Resources */ = {isa = PBXBuildFile; fileRef = 999FD1011F01E8B600F8437A /* LaunchScreen.storyboard */; };
		999FD10F1F01E98000F8437A /* DemoListVC.m in Sources */ = {isa = PBXBuildFile; fileRef = 999FD10E1F01E98000F8437A /* DemoListVC.m */; };
		999FD15A1F01EEBD00F8437A /* TabbarDemoVC.m in Sources */ = {isa = PBXBuildFile; fileRef = 999FD1591F01EEBD00F8437A /* TabbarDemoVC.m */; };
		999FD1601F01F23700F8437A /* QYNativeTabBarController.m in Sources */ = {isa = PBXBuildFile; fileRef = 999FD15F1F01F23700F8437A /* QYNativeTabBarController.m */; };
		99CABC8B1F14A7A1002DFB7E /* QYAnimateIndicatorView.m in Sources */ = {isa = PBXBuildFile; fileRef = 99CABC8A1F14A7A1002DFB7E /* QYAnimateIndicatorView.m */; };
		99CABC8E1F14A9BB002DFB7E /* QYAnimateLineScalePulseOut.m in Sources */ = {isa = PBXBuildFile; fileRef = 99CABC8D1F14A9BB002DFB7E /* QYAnimateLineScalePulseOut.m */; };
		99CABC911F14B012002DFB7E /* QYAnimateLineScalePulseOutRapid.m in Sources */ = {isa = PBXBuildFile; fileRef = 99CABC901F14B012002DFB7E /* QYAnimateLineScalePulseOutRapid.m */; };
		99F533221F0F152E00F22559 /* DemoVC.m in Sources */ = {isa = PBXBuildFile; fileRef = 99F533211F0F152E00F22559 /* DemoVC.m */; };
/* End PBXBuildFile section */

/* Begin PBXFileReference section */
		990C72AA1F0B88260085CBBF /* QYCollectionVC.h */ = {isa = PBXFileReference; fileEncoding = 4; lastKnownFileType = sourcecode.c.h; path = QYCollectionVC.h; sourceTree = "<group>"; };
		990C72AB1F0B88260085CBBF /* QYCollectionVC.m */ = {isa = PBXFileReference; fileEncoding = 4; lastKnownFileType = sourcecode.c.objc; path = QYCollectionVC.m; sourceTree = "<group>"; };
		990C72AD1F0B8A900085CBBF /* QYCollectionViewCell.h */ = {isa = PBXFileReference; fileEncoding = 4; lastKnownFileType = sourcecode.c.h; path = QYCollectionViewCell.h; sourceTree = "<group>"; };
		990C72AE1F0B8A900085CBBF /* QYCollectionViewCell.m */ = {isa = PBXFileReference; fileEncoding = 4; lastKnownFileType = sourcecode.c.objc; path = QYCollectionViewCell.m; sourceTree = "<group>"; };
		990C72AF1F0B8A900085CBBF /* QYCollectionViewCell.xib */ = {isa = PBXFileReference; fileEncoding = 4; lastKnownFileType = file.xib; path = QYCollectionViewCell.xib; sourceTree = "<group>"; };
		990C72B21F0B90BB0085CBBF /* QYFlowLayout.h */ = {isa = PBXFileReference; fileEncoding = 4; lastKnownFileType = sourcecode.c.h; path = QYFlowLayout.h; sourceTree = "<group>"; };
		990C72B31F0B90BB0085CBBF /* QYFlowLayout.m */ = {isa = PBXFileReference; fileEncoding = 4; lastKnownFileType = sourcecode.c.objc; path = QYFlowLayout.m; sourceTree = "<group>"; };
		990C72B51F0B95340085CBBF /* QYLayout.h */ = {isa = PBXFileReference; fileEncoding = 4; lastKnownFileType = sourcecode.c.h; path = QYLayout.h; sourceTree = "<group>"; };
		990C72B61F0B95340085CBBF /* QYLayout.m */ = {isa = PBXFileReference; fileEncoding = 4; lastKnownFileType = sourcecode.c.objc; path = QYLayout.m; sourceTree = "<group>"; };
		990C72B91F0B9BB80085CBBF /* UIImage+ColorImage.h */ = {isa = PBXFileReference; fileEncoding = 4; lastKnownFileType = sourcecode.c.h; path = "UIImage+ColorImage.h"; sourceTree = "<group>"; };
		990C72BA1F0B9BB80085CBBF /* UIImage+ColorImage.m */ = {isa = PBXFileReference; fileEncoding = 4; lastKnownFileType = sourcecode.c.objc; path = "UIImage+ColorImage.m"; sourceTree = "<group>"; };
		990C72BB1F0B9BB80085CBBF /* UIView+Util.h */ = {isa = PBXFileReference; fileEncoding = 4; lastKnownFileType = sourcecode.c.h; path = "UIView+Util.h"; sourceTree = "<group>"; };
		990C72BC1F0B9BB80085CBBF /* UIView+Util.m */ = {isa = PBXFileReference; fileEncoding = 4; lastKnownFileType = sourcecode.c.objc; path = "UIView+Util.m"; sourceTree = "<group>"; };
		990C72BF1F0B9BD40085CBBF /* PrefixHeader.pch */ = {isa = PBXFileReference; lastKnownFileType = sourcecode.c.h; path = PrefixHeader.pch; sourceTree = "<group>"; };
		990C72C01F0BA0F00085CBBF /* QYCollectionTableVC.h */ = {isa = PBXFileReference; fileEncoding = 4; lastKnownFileType = sourcecode.c.h; path = QYCollectionTableVC.h; sourceTree = "<group>"; };
		990C72C11F0BA0F00085CBBF /* QYCollectionTableVC.m */ = {isa = PBXFileReference; fileEncoding = 4; lastKnownFileType = sourcecode.c.objc; path = QYCollectionTableVC.m; sourceTree = "<group>"; };
		999FD0ED1F01E8B600F8437A /* QYDemos.app */ = {isa = PBXFileReference; explicitFileType = wrapper.application; includeInIndex = 0; path = QYDemos.app; sourceTree = BUILT_PRODUCTS_DIR; };
		999FD0F11F01E8B600F8437A /* main.m */ = {isa = PBXFileReference; lastKnownFileType = sourcecode.c.objc; path = main.m; sourceTree = "<group>"; };
		999FD0F31F01E8B600F8437A /* AppDelegate.h */ = {isa = PBXFileReference; lastKnownFileType = sourcecode.c.h; path = AppDelegate.h; sourceTree = "<group>"; };
		999FD0F41F01E8B600F8437A /* AppDelegate.m */ = {isa = PBXFileReference; lastKnownFileType = sourcecode.c.objc; path = AppDelegate.m; sourceTree = "<group>"; };
		999FD0FA1F01E8B600F8437A /* Base */ = {isa = PBXFileReference; lastKnownFileType = file.storyboard; name = Base; path = Base.lproj/Main.storyboard; sourceTree = "<group>"; };
		999FD0FD1F01E8B600F8437A /* QYDemos.xcdatamodel */ = {isa = PBXFileReference; lastKnownFileType = wrapper.xcdatamodel; path = QYDemos.xcdatamodel; sourceTree = "<group>"; };
		999FD0FF1F01E8B600F8437A /* Assets.xcassets */ = {isa = PBXFileReference; lastKnownFileType = folder.assetcatalog; path = Assets.xcassets; sourceTree = "<group>"; };
		999FD1021F01E8B600F8437A /* Base */ = {isa = PBXFileReference; lastKnownFileType = file.storyboard; name = Base; path = Base.lproj/LaunchScreen.storyboard; sourceTree = "<group>"; };
		999FD1041F01E8B600F8437A /* Info.plist */ = {isa = PBXFileReference; lastKnownFileType = text.plist.xml; path = Info.plist; sourceTree = "<group>"; };
		999FD10D1F01E98000F8437A /* DemoListVC.h */ = {isa = PBXFileReference; fileEncoding = 4; lastKnownFileType = sourcecode.c.h; path = DemoListVC.h; sourceTree = "<group>"; };
		999FD10E1F01E98000F8437A /* DemoListVC.m */ = {isa = PBXFileReference; fileEncoding = 4; lastKnownFileType = sourcecode.c.objc; path = DemoListVC.m; sourceTree = "<group>"; };
		999FD1581F01EEBD00F8437A /* TabbarDemoVC.h */ = {isa = PBXFileReference; fileEncoding = 4; lastKnownFileType = sourcecode.c.h; path = TabbarDemoVC.h; sourceTree = "<group>"; };
		999FD1591F01EEBD00F8437A /* TabbarDemoVC.m */ = {isa = PBXFileReference; fileEncoding = 4; lastKnownFileType = sourcecode.c.objc; path = TabbarDemoVC.m; sourceTree = "<group>"; };
		999FD15E1F01F23700F8437A /* QYNativeTabBarController.h */ = {isa = PBXFileReference; fileEncoding = 4; lastKnownFileType = sourcecode.c.h; path = QYNativeTabBarController.h; sourceTree = "<group>"; };
		999FD15F1F01F23700F8437A /* QYNativeTabBarController.m */ = {isa = PBXFileReference; fileEncoding = 4; lastKnownFileType = sourcecode.c.objc; path = QYNativeTabBarController.m; sourceTree = "<group>"; };
		99CABC881F14A764002DFB7E /* QYAnimateIndicatorProtocol.h */ = {isa = PBXFileReference; fileEncoding = 4; lastKnownFileType = sourcecode.c.h; path = QYAnimateIndicatorProtocol.h; sourceTree = "<group>"; };
		99CABC891F14A7A1002DFB7E /* QYAnimateIndicatorView.h */ = {isa = PBXFileReference; fileEncoding = 4; lastKnownFileType = sourcecode.c.h; path = QYAnimateIndicatorView.h; sourceTree = "<group>"; };
		99CABC8A1F14A7A1002DFB7E /* QYAnimateIndicatorView.m */ = {isa = PBXFileReference; fileEncoding = 4; lastKnownFileType = sourcecode.c.objc; path = QYAnimateIndicatorView.m; sourceTree = "<group>"; };
		99CABC8C1F14A9BB002DFB7E /* QYAnimateLineScalePulseOut.h */ = {isa = PBXFileReference; fileEncoding = 4; lastKnownFileType = sourcecode.c.h; path = QYAnimateLineScalePulseOut.h; sourceTree = "<group>"; };
		99CABC8D1F14A9BB002DFB7E /* QYAnimateLineScalePulseOut.m */ = {isa = PBXFileReference; fileEncoding = 4; lastKnownFileType = sourcecode.c.objc; path = QYAnimateLineScalePulseOut.m; sourceTree = "<group>"; };
		99CABC8F1F14B012002DFB7E /* QYAnimateLineScalePulseOutRapid.h */ = {isa = PBXFileReference; fileEncoding = 4; lastKnownFileType = sourcecode.c.h; path = QYAnimateLineScalePulseOutRapid.h; sourceTree = "<group>"; };
		99CABC901F14B012002DFB7E /* QYAnimateLineScalePulseOutRapid.m */ = {isa = PBXFileReference; fileEncoding = 4; lastKnownFileType = sourcecode.c.objc; path = QYAnimateLineScalePulseOutRapid.m; sourceTree = "<group>"; };
		99F533201F0F152E00F22559 /* DemoVC.h */ = {isa = PBXFileReference; lastKnownFileType = sourcecode.c.h; path = DemoVC.h; sourceTree = "<group>"; };
		99F533211F0F152E00F22559 /* DemoVC.m */ = {isa = PBXFileReference; lastKnownFileType = sourcecode.c.objc; path = DemoVC.m; sourceTree = "<group>"; };
/* End PBXFileReference section */

/* Begin PBXFrameworksBuildPhase section */
		999FD0EA1F01E8B600F8437A /* Frameworks */ = {
			isa = PBXFrameworksBuildPhase;
			buildActionMask = 2147483647;
			files = (
			);
			runOnlyForDeploymentPostprocessing = 0;
		};
/* End PBXFrameworksBuildPhase section */

/* Begin PBXGroup section */
		990C72A11F0B79470085CBBF /* CollectionView */ = {
			isa = PBXGroup;
			children = (
				990C72B21F0B90BB0085CBBF /* QYFlowLayout.h */,
				990C72B31F0B90BB0085CBBF /* QYFlowLayout.m */,
				990C72B51F0B95340085CBBF /* QYLayout.h */,
				990C72B61F0B95340085CBBF /* QYLayout.m */,
				990C72AA1F0B88260085CBBF /* QYCollectionVC.h */,
				990C72AB1F0B88260085CBBF /* QYCollectionVC.m */,
				990C72AD1F0B8A900085CBBF /* QYCollectionViewCell.h */,
				990C72AE1F0B8A900085CBBF /* QYCollectionViewCell.m */,
				990C72AF1F0B8A900085CBBF /* QYCollectionViewCell.xib */,
				990C72C01F0BA0F00085CBBF /* QYCollectionTableVC.h */,
				990C72C11F0BA0F00085CBBF /* QYCollectionTableVC.m */,
			);
			path = CollectionView;
			sourceTree = "<group>";
		};
		990C72B81F0B9BB80085CBBF /* Category */ = {
			isa = PBXGroup;
			children = (
				990C72B91F0B9BB80085CBBF /* UIImage+ColorImage.h */,
				990C72BA1F0B9BB80085CBBF /* UIImage+ColorImage.m */,
				990C72BB1F0B9BB80085CBBF /* UIView+Util.h */,
				990C72BC1F0B9BB80085CBBF /* UIView+Util.m */,
			);
			path = Category;
			sourceTree = "<group>";
		};
		999FD0E41F01E8B600F8437A = {
			isa = PBXGroup;
			children = (
				999FD0EF1F01E8B600F8437A /* QYDemos */,
				999FD0EE1F01E8B600F8437A /* Products */,
			);
			sourceTree = "<group>";
		};
		999FD0EE1F01E8B600F8437A /* Products */ = {
			isa = PBXGroup;
			children = (
				999FD0ED1F01E8B600F8437A /* QYDemos.app */,
			);
			name = Products;
			sourceTree = "<group>";
		};
		999FD0EF1F01E8B600F8437A /* QYDemos */ = {
			isa = PBXGroup;
			children = (
				99CABC861F14A6EA002DFB7E /* QYAnimateIndicatorView */,
				990C72B81F0B9BB80085CBBF /* Category */,
				990C72A11F0B79470085CBBF /* CollectionView */,
				999FD1571F01EEA000F8437A /* TabbarDemo */,
				999FD0F31F01E8B600F8437A /* AppDelegate.h */,
				999FD0F41F01E8B600F8437A /* AppDelegate.m */,
				999FD10D1F01E98000F8437A /* DemoListVC.h */,
				999FD10E1F01E98000F8437A /* DemoListVC.m */,
				99F533201F0F152E00F22559 /* DemoVC.h */,
				99F533211F0F152E00F22559 /* DemoVC.m */,
				999FD0F91F01E8B600F8437A /* Main.storyboard */,
				990C72BF1F0B9BD40085CBBF /* PrefixHeader.pch */,
				999FD0FF1F01E8B600F8437A /* Assets.xcassets */,
				999FD1011F01E8B600F8437A /* LaunchScreen.storyboard */,
				999FD1041F01E8B600F8437A /* Info.plist */,
				999FD0FC1F01E8B600F8437A /* QYDemos.xcdatamodeld */,
				999FD0F01F01E8B600F8437A /* Supporting Files */,
			);
			path = QYDemos;
			sourceTree = "<group>";
		};
		999FD0F01F01E8B600F8437A /* Supporting Files */ = {
			isa = PBXGroup;
			children = (
				999FD0F11F01E8B600F8437A /* main.m */,
			);
			name = "Supporting Files";
			sourceTree = "<group>";
		};
		999FD1571F01EEA000F8437A /* TabbarDemo */ = {
			isa = PBXGroup;
			children = (
				999FD1581F01EEBD00F8437A /* TabbarDemoVC.h */,
				999FD1591F01EEBD00F8437A /* TabbarDemoVC.m */,
				999FD15E1F01F23700F8437A /* QYNativeTabBarController.h */,
				999FD15F1F01F23700F8437A /* QYNativeTabBarController.m */,
			);
			path = TabbarDemo;
			sourceTree = "<group>";
		};
		99CABC861F14A6EA002DFB7E /* QYAnimateIndicatorView */ = {
			isa = PBXGroup;
			children = (
				99CABC871F14A71A002DFB7E /* Animations */,
				99CABC881F14A764002DFB7E /* QYAnimateIndicatorProtocol.h */,
				99CABC891F14A7A1002DFB7E /* QYAnimateIndicatorView.h */,
				99CABC8A1F14A7A1002DFB7E /* QYAnimateIndicatorView.m */,
			);
			path = QYAnimateIndicatorView;
			sourceTree = "<group>";
		};
		99CABC871F14A71A002DFB7E /* Animations */ = {
			isa = PBXGroup;
			children = (
				99CABC8C1F14A9BB002DFB7E /* QYAnimateLineScalePulseOut.h */,
				99CABC8D1F14A9BB002DFB7E /* QYAnimateLineScalePulseOut.m */,
				99CABC8F1F14B012002DFB7E /* QYAnimateLineScalePulseOutRapid.h */,
				99CABC901F14B012002DFB7E /* QYAnimateLineScalePulseOutRapid.m */,
			);
			path = Animations;
			sourceTree = "<group>";
		};
/* End PBXGroup section */

/* Begin PBXNativeTarget section */
		999FD0EC1F01E8B600F8437A /* QYDemos */ = {
			isa = PBXNativeTarget;
			buildConfigurationList = 999FD1071F01E8B600F8437A /* Build configuration list for PBXNativeTarget "QYDemos" */;
			buildPhases = (
				999FD0E91F01E8B600F8437A /* Sources */,
				999FD0EA1F01E8B600F8437A /* Frameworks */,
				999FD0EB1F01E8B600F8437A /* Resources */,
			);
			buildRules = (
			);
			dependencies = (
			);
			name = QYDemos;
			productName = QYDemos;
			productReference = 999FD0ED1F01E8B600F8437A /* QYDemos.app */;
			productType = "com.apple.product-type.application";
		};
/* End PBXNativeTarget section */

/* Begin PBXProject section */
		999FD0E51F01E8B600F8437A /* Project object */ = {
			isa = PBXProject;
			attributes = {
				LastUpgradeCheck = 0830;
				ORGANIZATIONNAME = Qingyu;
				TargetAttributes = {
					999FD0EC1F01E8B600F8437A = {
						CreatedOnToolsVersion = 8.3.3;
						DevelopmentTeam = 7PKFLABZWB;
						ProvisioningStyle = Automatic;
					};
				};
			};
			buildConfigurationList = 999FD0E81F01E8B600F8437A /* Build configuration list for PBXProject "QYDemos" */;
			compatibilityVersion = "Xcode 3.2";
			developmentRegion = English;
			hasScannedForEncodings = 0;
			knownRegions = (
				en,
				Base,
			);
			mainGroup = 999FD0E41F01E8B600F8437A;
			productRefGroup = 999FD0EE1F01E8B600F8437A /* Products */;
			projectDirPath = "";
			projectRoot = "";
			targets = (
				999FD0EC1F01E8B600F8437A /* QYDemos */,
			);
		};
/* End PBXProject section */

/* Begin PBXResourcesBuildPhase section */
		999FD0EB1F01E8B600F8437A /* Resources */ = {
			isa = PBXResourcesBuildPhase;
			buildActionMask = 2147483647;
			files = (
				999FD1031F01E8B600F8437A /* LaunchScreen.storyboard in Resources */,
				999FD1001F01E8B600F8437A /* Assets.xcassets in Resources */,
				990C72B11F0B8A900085CBBF /* QYCollectionViewCell.xib in Resources */,
				999FD0FB1F01E8B600F8437A /* Main.storyboard in Resources */,
			);
			runOnlyForDeploymentPostprocessing = 0;
		};
/* End PBXResourcesBuildPhase section */

/* Begin PBXSourcesBuildPhase section */
		999FD0E91F01E8B600F8437A /* Sources */ = {
			isa = PBXSourcesBuildPhase;
			buildActionMask = 2147483647;
			files = (
				999FD0F51F01E8B600F8437A /* AppDelegate.m in Sources */,
				99CABC8E1F14A9BB002DFB7E /* QYAnimateLineScalePulseOut.m in Sources */,
				99CABC8B1F14A7A1002DFB7E /* QYAnimateIndicatorView.m in Sources */,
				990C72B71F0B95340085CBBF /* QYLayout.m in Sources */,
				990C72BD1F0B9BB80085CBBF /* UIImage+ColorImage.m in Sources */,
				99CABC911F14B012002DFB7E /* QYAnimateLineScalePulseOutRapid.m in Sources */,
				990C72C21F0BA0F00085CBBF /* QYCollectionTableVC.m in Sources */,
				990C72B01F0B8A900085CBBF /* QYCollectionViewCell.m in Sources */,
				990C72B41F0B90BB0085CBBF /* QYFlowLayout.m in Sources */,
				999FD10F1F01E98000F8437A /* DemoListVC.m in Sources */,
				990C72BE1F0B9BB80085CBBF /* UIView+Util.m in Sources */,
				999FD1601F01F23700F8437A /* QYNativeTabBarController.m in Sources */,
				999FD15A1F01EEBD00F8437A /* TabbarDemoVC.m in Sources */,
				999FD0FE1F01E8B600F8437A /* QYDemos.xcdatamodeld in Sources */,
				99F533221F0F152E00F22559 /* DemoVC.m in Sources */,
				999FD0F21F01E8B600F8437A /* main.m in Sources */,
				990C72AC1F0B88260085CBBF /* QYCollectionVC.m in Sources */,
			);
			runOnlyForDeploymentPostprocessing = 0;
		};
/* End PBXSourcesBuildPhase section */

/* Begin PBXVariantGroup section */
		999FD0F91F01E8B600F8437A /* Main.storyboard */ = {
			isa = PBXVariantGroup;
			children = (
				999FD0FA1F01E8B600F8437A /* Base */,
			);
			name = Main.storyboard;
			sourceTree = "<group>";
		};
		999FD1011F01E8B600F8437A /* LaunchScreen.storyboard */ = {
			isa = PBXVariantGroup;
			children = (
				999FD1021F01E8B600F8437A /* Base */,
			);
			name = LaunchScreen.storyboard;
			sourceTree = "<group>";
		};
/* End PBXVariantGroup section */

/* Begin XCBuildConfiguration section */
		999FD1051F01E8B600F8437A /* Debug */ = {
			isa = XCBuildConfiguration;
			buildSettings = {
				ALWAYS_SEARCH_USER_PATHS = NO;
				CLANG_ANALYZER_NONNULL = YES;
				CLANG_ANALYZER_NUMBER_OBJECT_CONVERSION = YES_AGGRESSIVE;
				CLANG_CXX_LANGUAGE_STANDARD = "gnu++0x";
				CLANG_CXX_LIBRARY = "libc++";
				CLANG_ENABLE_MODULES = YES;
				CLANG_ENABLE_OBJC_ARC = YES;
				CLANG_WARN_BOOL_CONVERSION = YES;
				CLANG_WARN_CONSTANT_CONVERSION = YES;
				CLANG_WARN_DIRECT_OBJC_ISA_USAGE = YES_ERROR;
				CLANG_WARN_DOCUMENTATION_COMMENTS = YES;
				CLANG_WARN_EMPTY_BODY = YES;
				CLANG_WARN_ENUM_CONVERSION = YES;
				CLANG_WARN_INFINITE_RECURSION = YES;
				CLANG_WARN_INT_CONVERSION = YES;
				CLANG_WARN_OBJC_ROOT_CLASS = YES_ERROR;
				CLANG_WARN_SUSPICIOUS_MOVE = YES;
				CLANG_WARN_UNREACHABLE_CODE = YES;
				CLANG_WARN__DUPLICATE_METHOD_MATCH = YES;
				"CODE_SIGN_IDENTITY[sdk=iphoneos*]" = "iPhone Developer";
				COPY_PHASE_STRIP = NO;
				DEBUG_INFORMATION_FORMAT = dwarf;
				ENABLE_STRICT_OBJC_MSGSEND = YES;
				ENABLE_TESTABILITY = YES;
				GCC_C_LANGUAGE_STANDARD = gnu99;
				GCC_DYNAMIC_NO_PIC = NO;
				GCC_NO_COMMON_BLOCKS = YES;
				GCC_OPTIMIZATION_LEVEL = 0;
				GCC_PRECOMPILE_PREFIX_HEADER = YES;
				GCC_PREFIX_HEADER = /Users/zhangQyu/MyGithub/QY_OC_Demos/QYDemos/QYDemos/PrefixHeader.pch;
				GCC_PREPROCESSOR_DEFINITIONS = (
					"DEBUG=1",
					"$(inherited)",
				);
				GCC_WARN_64_TO_32_BIT_CONVERSION = YES;
				GCC_WARN_ABOUT_RETURN_TYPE = YES_ERROR;
				GCC_WARN_UNDECLARED_SELECTOR = YES;
				GCC_WARN_UNINITIALIZED_AUTOS = YES_AGGRESSIVE;
				GCC_WARN_UNUSED_FUNCTION = YES;
				GCC_WARN_UNUSED_VARIABLE = YES;
				IPHONEOS_DEPLOYMENT_TARGET = 10.3;
				MTL_ENABLE_DEBUG_INFO = YES;
				ONLY_ACTIVE_ARCH = YES;
				SDKROOT = iphoneos;
			};
			name = Debug;
		};
		999FD1061F01E8B600F8437A /* Release */ = {
			isa = XCBuildConfiguration;
			buildSettings = {
				ALWAYS_SEARCH_USER_PATHS = NO;
				CLANG_ANALYZER_NONNULL = YES;
				CLANG_ANALYZER_NUMBER_OBJECT_CONVERSION = YES_AGGRESSIVE;
				CLANG_CXX_LANGUAGE_STANDARD = "gnu++0x";
				CLANG_CXX_LIBRARY = "libc++";
				CLANG_ENABLE_MODULES = YES;
				CLANG_ENABLE_OBJC_ARC = YES;
				CLANG_WARN_BOOL_CONVERSION = YES;
				CLANG_WARN_CONSTANT_CONVERSION = YES;
				CLANG_WARN_DIRECT_OBJC_ISA_USAGE = YES_ERROR;
				CLANG_WARN_DOCUMENTATION_COMMENTS = YES;
				CLANG_WARN_EMPTY_BODY = YES;
				CLANG_WARN_ENUM_CONVERSION = YES;
				CLANG_WARN_INFINITE_RECURSION = YES;
				CLANG_WARN_INT_CONVERSION = YES;
				CLANG_WARN_OBJC_ROOT_CLASS = YES_ERROR;
				CLANG_WARN_SUSPICIOUS_MOVE = YES;
				CLANG_WARN_UNREACHABLE_CODE = YES;
				CLANG_WARN__DUPLICATE_METHOD_MATCH = YES;
				"CODE_SIGN_IDENTITY[sdk=iphoneos*]" = "iPhone Developer";
				COPY_PHASE_STRIP = NO;
				DEBUG_INFORMATION_FORMAT = "dwarf-with-dsym";
				ENABLE_NS_ASSERTIONS = NO;
				ENABLE_STRICT_OBJC_MSGSEND = YES;
				GCC_C_LANGUAGE_STANDARD = gnu99;
				GCC_NO_COMMON_BLOCKS = YES;
				GCC_PRECOMPILE_PREFIX_HEADER = YES;
				GCC_PREFIX_HEADER = /Users/zhangQyu/MyGithub/QY_OC_Demos/QYDemos/QYDemos/PrefixHeader.pch;
				GCC_WARN_64_TO_32_BIT_CONVERSION = YES;
				GCC_WARN_ABOUT_RETURN_TYPE = YES_ERROR;
				GCC_WARN_UNDECLARED_SELECTOR = YES;
				GCC_WARN_UNINITIALIZED_AUTOS = YES_AGGRESSIVE;
				GCC_WARN_UNUSED_FUNCTION = YES;
				GCC_WARN_UNUSED_VARIABLE = YES;
				IPHONEOS_DEPLOYMENT_TARGET = 10.3;
				MTL_ENABLE_DEBUG_INFO = NO;
				SDKROOT = iphoneos;
				VALIDATE_PRODUCT = YES;
			};
			name = Release;
		};
		999FD1081F01E8B600F8437A /* Debug */ = {
			isa = XCBuildConfiguration;
			buildSettings = {
				ASSETCATALOG_COMPILER_APPICON_NAME = AppIcon;
				DEVELOPMENT_TEAM = 7PKFLABZWB;
				INFOPLIST_FILE = QYDemos/Info.plist;
				LD_RUNPATH_SEARCH_PATHS = "$(inherited) @executable_path/Frameworks";
				PRODUCT_BUNDLE_IDENTIFIER = "com.zhangqingyu12-126.QYDemos";
				PRODUCT_NAME = "$(TARGET_NAME)";
			};
			name = Debug;
		};
		999FD1091F01E8B600F8437A /* Release */ = {
			isa = XCBuildConfiguration;
			buildSettings = {
				ASSETCATALOG_COMPILER_APPICON_NAME = AppIcon;
				DEVELOPMENT_TEAM = 7PKFLABZWB;
				INFOPLIST_FILE = QYDemos/Info.plist;
				LD_RUNPATH_SEARCH_PATHS = "$(inherited) @executable_path/Frameworks";
				PRODUCT_BUNDLE_IDENTIFIER = "com.zhangqingyu12-126.QYDemos";
				PRODUCT_NAME = "$(TARGET_NAME)";
			};
			name = Release;
		};
/* End XCBuildConfiguration section */

/* Begin XCConfigurationList section */
		999FD0E81F01E8B600F8437A /* Build configuration list for PBXProject "QYDemos" */ = {
			isa = XCConfigurationList;
			buildConfigurations = (
				999FD1051F01E8B600F8437A /* Debug */,
				999FD1061F01E8B600F8437A /* Release */,
			);
			defaultConfigurationIsVisible = 0;
			defaultConfigurationName = Release;
		};
		999FD1071F01E8B600F8437A /* Build configuration list for PBXNativeTarget "QYDemos" */ = {
			isa = XCConfigurationList;
			buildConfigurations = (
				999FD1081F01E8B600F8437A /* Debug */,
				999FD1091F01E8B600F8437A /* Release */,
			);
			defaultConfigurationIsVisible = 0;
			defaultConfigurationName = Release;
		};
/* End XCConfigurationList section */

/* Begin XCVersionGroup section */
		999FD0FC1F01E8B600F8437A /* QYDemos.xcdatamodeld */ = {
			isa = XCVersionGroup;
			children = (
				999FD0FD1F01E8B600F8437A /* QYDemos.xcdatamodel */,
			);
			currentVersion = 999FD0FD1F01E8B600F8437A /* QYDemos.xcdatamodel */;
			path = QYDemos.xcdatamodeld;
			sourceTree = "<group>";
			versionGroupType = wrapper.xcdatamodel;
		};
/* End XCVersionGroup section */
	};
	rootObject = 999FD0E51F01E8B600F8437A /* Project object */;
}
