// !$*UTF8*$!
{
	archiveVersion = 1;
	classes = {
	};
	objectVersion = 46;
	objects = {

/* Begin PBXBuildFile section */
		9910D1051E6F9000000E9240 /* TestViewController.m in Sources */ = {isa = PBXBuildFile; fileRef = 9910D1041E6F9000000E9240 /* TestViewController.m */; };
		9910D11E1E6FD9CA000E9240 /* NSObject+hook.m in Sources */ = {isa = PBXBuildFile; fileRef = 9910D11D1E6FD9CA000E9240 /* NSObject+hook.m */; };
		9910D1211E6FE184000E9240 /* Cat.m in Sources */ = {isa = PBXBuildFile; fileRef = 9910D1201E6FE184000E9240 /* Cat.m */; };
		99C6B7DC1E6EAB0C00237320 /* main.m in Sources */ = {isa = PBXBuildFile; fileRef = 99C6B7DB1E6EAB0C00237320 /* main.m */; };
		99C6B7DF1E6EAB0C00237320 /* AppDelegate.m in Sources */ = {isa = PBXBuildFile; fileRef = 99C6B7DE1E6EAB0C00237320 /* AppDelegate.m */; };
		99C6B7E21E6EAB0C00237320 /* ViewController.m in Sources */ = {isa = PBXBuildFile; fileRef = 99C6B7E11E6EAB0C00237320 /* ViewController.m */; };
		99C6B7E51E6EAB0C00237320 /* Main.storyboard in Resources */ = {isa = PBXBuildFile; fileRef = 99C6B7E31E6EAB0C00237320 /* Main.storyboard */; };
		99C6B7E71E6EAB0C00237320 /* Assets.xcassets in Resources */ = {isa = PBXBuildFile; fileRef = 99C6B7E61E6EAB0C00237320 /* Assets.xcassets */; };
		99C6B7EA1E6EAB0C00237320 /* LaunchScreen.storyboard in Resources */ = {isa = PBXBuildFile; fileRef = 99C6B7E81E6EAB0C00237320 /* LaunchScreen.storyboard */; };
		99C6B7F41E6EAB5700237320 /* Aspects.m in Sources */ = {isa = PBXBuildFile; fileRef = 99C6B7F31E6EAB5700237320 /* Aspects.m */; };
		99C6B7FC1E6EBACF00237320 /* UIButton+hook.m in Sources */ = {isa = PBXBuildFile; fileRef = 99C6B7FB1E6EBACF00237320 /* UIButton+hook.m */; };
		99C6B7FF1E6EBAE100237320 /* UIViewController+hook.m in Sources */ = {isa = PBXBuildFile; fileRef = 99C6B7FE1E6EBAE100237320 /* UIViewController+hook.m */; };
		99C6B8021E6EBC1700237320 /* CountTool.m in Sources */ = {isa = PBXBuildFile; fileRef = 99C6B8011E6EBC1700237320 /* CountTool.m */; };
/* End PBXBuildFile section */

/* Begin PBXFileReference section */
		9910D1031E6F9000000E9240 /* TestViewController.h */ = {isa = PBXFileReference; fileEncoding = 4; lastKnownFileType = sourcecode.c.h; path = TestViewController.h; sourceTree = "<group>"; };
		9910D1041E6F9000000E9240 /* TestViewController.m */ = {isa = PBXFileReference; fileEncoding = 4; lastKnownFileType = sourcecode.c.objc; path = TestViewController.m; sourceTree = "<group>"; };
		9910D11C1E6FD9CA000E9240 /* NSObject+hook.h */ = {isa = PBXFileReference; fileEncoding = 4; lastKnownFileType = sourcecode.c.h; path = "NSObject+hook.h"; sourceTree = "<group>"; };
		9910D11D1E6FD9CA000E9240 /* NSObject+hook.m */ = {isa = PBXFileReference; fileEncoding = 4; lastKnownFileType = sourcecode.c.objc; path = "NSObject+hook.m"; sourceTree = "<group>"; };
		9910D11F1E6FE184000E9240 /* Cat.h */ = {isa = PBXFileReference; fileEncoding = 4; lastKnownFileType = sourcecode.c.h; path = Cat.h; sourceTree = "<group>"; };
		9910D1201E6FE184000E9240 /* Cat.m */ = {isa = PBXFileReference; fileEncoding = 4; lastKnownFileType = sourcecode.c.objc; path = Cat.m; sourceTree = "<group>"; };
		99C6B7D71E6EAB0C00237320 /* QYRuntimeDemo.app */ = {isa = PBXFileReference; explicitFileType = wrapper.application; includeInIndex = 0; path = QYRuntimeDemo.app; sourceTree = BUILT_PRODUCTS_DIR; };
		99C6B7DB1E6EAB0C00237320 /* main.m */ = {isa = PBXFileReference; lastKnownFileType = sourcecode.c.objc; path = main.m; sourceTree = "<group>"; };
		99C6B7DD1E6EAB0C00237320 /* AppDelegate.h */ = {isa = PBXFileReference; lastKnownFileType = sourcecode.c.h; path = AppDelegate.h; sourceTree = "<group>"; };
		99C6B7DE1E6EAB0C00237320 /* AppDelegate.m */ = {isa = PBXFileReference; lastKnownFileType = sourcecode.c.objc; path = AppDelegate.m; sourceTree = "<group>"; };
		99C6B7E01E6EAB0C00237320 /* ViewController.h */ = {isa = PBXFileReference; lastKnownFileType = sourcecode.c.h; path = ViewController.h; sourceTree = "<group>"; };
		99C6B7E11E6EAB0C00237320 /* ViewController.m */ = {isa = PBXFileReference; lastKnownFileType = sourcecode.c.objc; path = ViewController.m; sourceTree = "<group>"; };
		99C6B7E41E6EAB0C00237320 /* Base */ = {isa = PBXFileReference; lastKnownFileType = file.storyboard; name = Base; path = Base.lproj/Main.storyboard; sourceTree = "<group>"; };
		99C6B7E61E6EAB0C00237320 /* Assets.xcassets */ = {isa = PBXFileReference; lastKnownFileType = folder.assetcatalog; path = Assets.xcassets; sourceTree = "<group>"; };
		99C6B7E91E6EAB0C00237320 /* Base */ = {isa = PBXFileReference; lastKnownFileType = file.storyboard; name = Base; path = Base.lproj/LaunchScreen.storyboard; sourceTree = "<group>"; };
		99C6B7EB1E6EAB0C00237320 /* Info.plist */ = {isa = PBXFileReference; lastKnownFileType = text.plist.xml; path = Info.plist; sourceTree = "<group>"; };
		99C6B7F21E6EAB5700237320 /* Aspects.h */ = {isa = PBXFileReference; fileEncoding = 4; lastKnownFileType = sourcecode.c.h; path = Aspects.h; sourceTree = "<group>"; };
		99C6B7F31E6EAB5700237320 /* Aspects.m */ = {isa = PBXFileReference; fileEncoding = 4; lastKnownFileType = sourcecode.c.objc; path = Aspects.m; sourceTree = "<group>"; };
		99C6B7FA1E6EBACF00237320 /* UIButton+hook.h */ = {isa = PBXFileReference; fileEncoding = 4; lastKnownFileType = sourcecode.c.h; path = "UIButton+hook.h"; sourceTree = "<group>"; };
		99C6B7FB1E6EBACF00237320 /* UIButton+hook.m */ = {isa = PBXFileReference; fileEncoding = 4; lastKnownFileType = sourcecode.c.objc; path = "UIButton+hook.m"; sourceTree = "<group>"; };
		99C6B7FD1E6EBAE100237320 /* UIViewController+hook.h */ = {isa = PBXFileReference; fileEncoding = 4; lastKnownFileType = sourcecode.c.h; path = "UIViewController+hook.h"; sourceTree = "<group>"; };
		99C6B7FE1E6EBAE100237320 /* UIViewController+hook.m */ = {isa = PBXFileReference; fileEncoding = 4; lastKnownFileType = sourcecode.c.objc; path = "UIViewController+hook.m"; sourceTree = "<group>"; };
		99C6B8001E6EBC1700237320 /* CountTool.h */ = {isa = PBXFileReference; fileEncoding = 4; lastKnownFileType = sourcecode.c.h; path = CountTool.h; sourceTree = "<group>"; };
		99C6B8011E6EBC1700237320 /* CountTool.m */ = {isa = PBXFileReference; fileEncoding = 4; lastKnownFileType = sourcecode.c.objc; path = CountTool.m; sourceTree = "<group>"; };
/* End PBXFileReference section */

/* Begin PBXFrameworksBuildPhase section */
		99C6B7D41E6EAB0C00237320 /* Frameworks */ = {
			isa = PBXFrameworksBuildPhase;
			buildActionMask = 2147483647;
			files = (
			);
			runOnlyForDeploymentPostprocessing = 0;
		};
/* End PBXFrameworksBuildPhase section */

/* Begin PBXGroup section */
		99C6B7CE1E6EAB0C00237320 = {
			isa = PBXGroup;
			children = (
				99C6B7D91E6EAB0C00237320 /* QYRuntimeDemo */,
				99C6B7D81E6EAB0C00237320 /* Products */,
			);
			sourceTree = "<group>";
		};
		99C6B7D81E6EAB0C00237320 /* Products */ = {
			isa = PBXGroup;
			children = (
				99C6B7D71E6EAB0C00237320 /* QYRuntimeDemo.app */,
			);
			name = Products;
			sourceTree = "<group>";
		};
		99C6B7D91E6EAB0C00237320 /* QYRuntimeDemo */ = {
			isa = PBXGroup;
			children = (
				99C6B7F11E6EAB5700237320 /* Aspects */,
				99C6B7F51E6EAEB300237320 /* Category */,
				99C6B7F91E6EB68300237320 /* DemoModel */,
				99C6B7DD1E6EAB0C00237320 /* AppDelegate.h */,
				99C6B7DE1E6EAB0C00237320 /* AppDelegate.m */,
				99C6B7E01E6EAB0C00237320 /* ViewController.h */,
				99C6B7E11E6EAB0C00237320 /* ViewController.m */,
				9910D1031E6F9000000E9240 /* TestViewController.h */,
				9910D1041E6F9000000E9240 /* TestViewController.m */,
				99C6B7E31E6EAB0C00237320 /* Main.storyboard */,
				99C6B7E61E6EAB0C00237320 /* Assets.xcassets */,
				99C6B7E81E6EAB0C00237320 /* LaunchScreen.storyboard */,
				99C6B7EB1E6EAB0C00237320 /* Info.plist */,
				99C6B7DA1E6EAB0C00237320 /* Supporting Files */,
			);
			path = QYRuntimeDemo;
			sourceTree = "<group>";
		};
		99C6B7DA1E6EAB0C00237320 /* Supporting Files */ = {
			isa = PBXGroup;
			children = (
				99C6B7DB1E6EAB0C00237320 /* main.m */,
			);
			name = "Supporting Files";
			sourceTree = "<group>";
		};
		99C6B7F11E6EAB5700237320 /* Aspects */ = {
			isa = PBXGroup;
			children = (
				99C6B7F21E6EAB5700237320 /* Aspects.h */,
				99C6B7F31E6EAB5700237320 /* Aspects.m */,
			);
			path = Aspects;
			sourceTree = "<group>";
		};
		99C6B7F51E6EAEB300237320 /* Category */ = {
			isa = PBXGroup;
			children = (
				99C6B7FD1E6EBAE100237320 /* UIViewController+hook.h */,
				99C6B7FE1E6EBAE100237320 /* UIViewController+hook.m */,
				99C6B7FA1E6EBACF00237320 /* UIButton+hook.h */,
				99C6B7FB1E6EBACF00237320 /* UIButton+hook.m */,
				9910D11C1E6FD9CA000E9240 /* NSObject+hook.h */,
				9910D11D1E6FD9CA000E9240 /* NSObject+hook.m */,
			);
			path = Category;
			sourceTree = "<group>";
		};
		99C6B7F91E6EB68300237320 /* DemoModel */ = {
			isa = PBXGroup;
			children = (
				99C6B8001E6EBC1700237320 /* CountTool.h */,
				99C6B8011E6EBC1700237320 /* CountTool.m */,
				9910D11F1E6FE184000E9240 /* Cat.h */,
				9910D1201E6FE184000E9240 /* Cat.m */,
			);
			path = DemoModel;
			sourceTree = "<group>";
		};
/* End PBXGroup section */

/* Begin PBXNativeTarget section */
		99C6B7D61E6EAB0C00237320 /* QYRuntimeDemo */ = {
			isa = PBXNativeTarget;
			buildConfigurationList = 99C6B7EE1E6EAB0C00237320 /* Build configuration list for PBXNativeTarget "QYRuntimeDemo" */;
			buildPhases = (
				99C6B7D31E6EAB0C00237320 /* Sources */,
				99C6B7D41E6EAB0C00237320 /* Frameworks */,
				99C6B7D51E6EAB0C00237320 /* Resources */,
			);
			buildRules = (
			);
			dependencies = (
			);
			name = QYRuntimeDemo;
			productName = QYRuntimeDemo;
			productReference = 99C6B7D71E6EAB0C00237320 /* QYRuntimeDemo.app */;
			productType = "com.apple.product-type.application";
		};
/* End PBXNativeTarget section */

/* Begin PBXProject section */
		99C6B7CF1E6EAB0C00237320 /* Project object */ = {
			isa = PBXProject;
			attributes = {
				LastUpgradeCheck = 0820;
				ORGANIZATIONNAME = "张庆玉";
				TargetAttributes = {
					99C6B7D61E6EAB0C00237320 = {
						CreatedOnToolsVersion = 8.2.1;
						DevelopmentTeam = FUT47GAT5A;
						ProvisioningStyle = Automatic;
					};
				};
			};
			buildConfigurationList = 99C6B7D21E6EAB0C00237320 /* Build configuration list for PBXProject "QYRuntimeDemo" */;
			compatibilityVersion = "Xcode 3.2";
			developmentRegion = English;
			hasScannedForEncodings = 0;
			knownRegions = (
				en,
				Base,
			);
			mainGroup = 99C6B7CE1E6EAB0C00237320;
			productRefGroup = 99C6B7D81E6EAB0C00237320 /* Products */;
			projectDirPath = "";
			projectRoot = "";
			targets = (
				99C6B7D61E6EAB0C00237320 /* QYRuntimeDemo */,
			);
		};
/* End PBXProject section */

/* Begin PBXResourcesBuildPhase section */
		99C6B7D51E6EAB0C00237320 /* Resources */ = {
			isa = PBXResourcesBuildPhase;
			buildActionMask = 2147483647;
			files = (
				99C6B7EA1E6EAB0C00237320 /* LaunchScreen.storyboard in Resources */,
				99C6B7E71E6EAB0C00237320 /* Assets.xcassets in Resources */,
				99C6B7E51E6EAB0C00237320 /* Main.storyboard in Resources */,
			);
			runOnlyForDeploymentPostprocessing = 0;
		};
/* End PBXResourcesBuildPhase section */

/* Begin PBXSourcesBuildPhase section */
		99C6B7D31E6EAB0C00237320 /* Sources */ = {
			isa = PBXSourcesBuildPhase;
			buildActionMask = 2147483647;
			files = (
				99C6B7E21E6EAB0C00237320 /* ViewController.m in Sources */,
				99C6B7DF1E6EAB0C00237320 /* AppDelegate.m in Sources */,
				99C6B7DC1E6EAB0C00237320 /* main.m in Sources */,
				99C6B7FF1E6EBAE100237320 /* UIViewController+hook.m in Sources */,
				9910D1211E6FE184000E9240 /* Cat.m in Sources */,
				99C6B8021E6EBC1700237320 /* CountTool.m in Sources */,
				99C6B7F41E6EAB5700237320 /* Aspects.m in Sources */,
				9910D1051E6F9000000E9240 /* TestViewController.m in Sources */,
				9910D11E1E6FD9CA000E9240 /* NSObject+hook.m in Sources */,
				99C6B7FC1E6EBACF00237320 /* UIButton+hook.m in Sources */,
			);
			runOnlyForDeploymentPostprocessing = 0;
		};
/* End PBXSourcesBuildPhase section */

/* Begin PBXVariantGroup section */
		99C6B7E31E6EAB0C00237320 /* Main.storyboard */ = {
			isa = PBXVariantGroup;
			children = (
				99C6B7E41E6EAB0C00237320 /* Base */,
			);
			name = Main.storyboard;
			sourceTree = "<group>";
		};
		99C6B7E81E6EAB0C00237320 /* LaunchScreen.storyboard */ = {
			isa = PBXVariantGroup;
			children = (
				99C6B7E91E6EAB0C00237320 /* Base */,
			);
			name = LaunchScreen.storyboard;
			sourceTree = "<group>";
		};
/* End PBXVariantGroup section */

/* Begin XCBuildConfiguration section */
		99C6B7EC1E6EAB0C00237320 /* Debug */ = {
			isa = XCBuildConfiguration;
			buildSettings = {
				ALWAYS_SEARCH_USER_PATHS = NO;
				CLANG_ANALYZER_NONNULL = YES;
				CLANG_CXX_LANGUAGE_STANDARD = "gnu++0x";
				CLANG_CXX_LIBRARY = "libc++";
				CLANG_ENABLE_MODULES = YES;
				CLANG_ENABLE_OBJC_ARC = YES;
				CLANG_WARN_BOOL_CONVERSION = YES;
				CLANG_WARN_CONSTANT_CONVERSION = YES;
				CLANG_WARN_DIRECT_OBJC_ISA_USAGE = YES_ERROR;
				CLANG_WARN_DOCUMENTATION_COMMENTS = YES;
				CLANG_WARN_EMPTY_BODY = YES;
				CLANG_WARN_ENUM_CONVERSION = YES;
				CLANG_WARN_INFINITE_RECURSION = YES;
				CLANG_WARN_INT_CONVERSION = YES;
				CLANG_WARN_OBJC_ROOT_CLASS = YES_ERROR;
				CLANG_WARN_SUSPICIOUS_MOVE = YES;
				CLANG_WARN_UNREACHABLE_CODE = YES;
				CLANG_WARN__DUPLICATE_METHOD_MATCH = YES;
				"CODE_SIGN_IDENTITY[sdk=iphoneos*]" = "iPhone Developer";
				COPY_PHASE_STRIP = NO;
				DEBUG_INFORMATION_FORMAT = dwarf;
				ENABLE_STRICT_OBJC_MSGSEND = YES;
				ENABLE_TESTABILITY = YES;
				GCC_C_LANGUAGE_STANDARD = gnu99;
				GCC_DYNAMIC_NO_PIC = NO;
				GCC_NO_COMMON_BLOCKS = YES;
				GCC_OPTIMIZATION_LEVEL = 0;
				GCC_PREPROCESSOR_DEFINITIONS = (
					"DEBUG=1",
					"$(inherited)",
				);
				GCC_WARN_64_TO_32_BIT_CONVERSION = YES;
				GCC_WARN_ABOUT_RETURN_TYPE = YES_ERROR;
				GCC_WARN_UNDECLARED_SELECTOR = YES;
				GCC_WARN_UNINITIALIZED_AUTOS = YES_AGGRESSIVE;
				GCC_WARN_UNUSED_FUNCTION = YES;
				GCC_WARN_UNUSED_VARIABLE = YES;
				IPHONEOS_DEPLOYMENT_TARGET = 10.2;
				MTL_ENABLE_DEBUG_INFO = YES;
				ONLY_ACTIVE_ARCH = YES;
				SDKROOT = iphoneos;
			};
			name = Debug;
		};
		99C6B7ED1E6EAB0C00237320 /* Release */ = {
			isa = XCBuildConfiguration;
			buildSettings = {
				ALWAYS_SEARCH_USER_PATHS = NO;
				CLANG_ANALYZER_NONNULL = YES;
				CLANG_CXX_LANGUAGE_STANDARD = "gnu++0x";
				CLANG_CXX_LIBRARY = "libc++";
				CLANG_ENABLE_MODULES = YES;
				CLANG_ENABLE_OBJC_ARC = YES;
				CLANG_WARN_BOOL_CONVERSION = YES;
				CLANG_WARN_CONSTANT_CONVERSION = YES;
				CLANG_WARN_DIRECT_OBJC_ISA_USAGE = YES_ERROR;
				CLANG_WARN_DOCUMENTATION_COMMENTS = YES;
				CLANG_WARN_EMPTY_BODY = YES;
				CLANG_WARN_ENUM_CONVERSION = YES;
				CLANG_WARN_INFINITE_RECURSION = YES;
				CLANG_WARN_INT_CONVERSION = YES;
				CLANG_WARN_OBJC_ROOT_CLASS = YES_ERROR;
				CLANG_WARN_SUSPICIOUS_MOVE = YES;
				CLANG_WARN_UNREACHABLE_CODE = YES;
				CLANG_WARN__DUPLICATE_METHOD_MATCH = YES;
				"CODE_SIGN_IDENTITY[sdk=iphoneos*]" = "iPhone Developer";
				COPY_PHASE_STRIP = NO;
				DEBUG_INFORMATION_FORMAT = "dwarf-with-dsym";
				ENABLE_NS_ASSERTIONS = NO;
				ENABLE_STRICT_OBJC_MSGSEND = YES;
				GCC_C_LANGUAGE_STANDARD = gnu99;
				GCC_NO_COMMON_BLOCKS = YES;
				GCC_WARN_64_TO_32_BIT_CONVERSION = YES;
				GCC_WARN_ABOUT_RETURN_TYPE = YES_ERROR;
				GCC_WARN_UNDECLARED_SELECTOR = YES;
				GCC_WARN_UNINITIALIZED_AUTOS = YES_AGGRESSIVE;
				GCC_WARN_UNUSED_FUNCTION = YES;
				GCC_WARN_UNUSED_VARIABLE = YES;
				IPHONEOS_DEPLOYMENT_TARGET = 10.2;
				MTL_ENABLE_DEBUG_INFO = NO;
				SDKROOT = iphoneos;
				VALIDATE_PRODUCT = YES;
			};
			name = Release;
		};
		99C6B7EF1E6EAB0C00237320 /* Debug */ = {
			isa = XCBuildConfiguration;
			buildSettings = {
				ASSETCATALOG_COMPILER_APPICON_NAME = AppIcon;
				DEVELOPMENT_TEAM = FUT47GAT5A;
				INFOPLIST_FILE = QYRuntimeDemo/Info.plist;
				LD_RUNPATH_SEARCH_PATHS = "$(inherited) @executable_path/Frameworks";
				PRODUCT_BUNDLE_IDENTIFIER = "com.busibuyu-163.QYRuntimeDemo";
				PRODUCT_NAME = "$(TARGET_NAME)";
			};
			name = Debug;
		};
		99C6B7F01E6EAB0C00237320 /* Release */ = {
			isa = XCBuildConfiguration;
			buildSettings = {
				ASSETCATALOG_COMPILER_APPICON_NAME = AppIcon;
				DEVELOPMENT_TEAM = FUT47GAT5A;
				INFOPLIST_FILE = QYRuntimeDemo/Info.plist;
				LD_RUNPATH_SEARCH_PATHS = "$(inherited) @executable_path/Frameworks";
				PRODUCT_BUNDLE_IDENTIFIER = "com.busibuyu-163.QYRuntimeDemo";
				PRODUCT_NAME = "$(TARGET_NAME)";
			};
			name = Release;
		};
/* End XCBuildConfiguration section */

/* Begin XCConfigurationList section */
		99C6B7D21E6EAB0C00237320 /* Build configuration list for PBXProject "QYRuntimeDemo" */ = {
			isa = XCConfigurationList;
			buildConfigurations = (
				99C6B7EC1E6EAB0C00237320 /* Debug */,
				99C6B7ED1E6EAB0C00237320 /* Release */,
			);
			defaultConfigurationIsVisible = 0;
			defaultConfigurationName = Release;
		};
		99C6B7EE1E6EAB0C00237320 /* Build configuration list for PBXNativeTarget "QYRuntimeDemo" */ = {
			isa = XCConfigurationList;
			buildConfigurations = (
				99C6B7EF1E6EAB0C00237320 /* Debug */,
				99C6B7F01E6EAB0C00237320 /* Release */,
			);
			defaultConfigurationIsVisible = 0;
			defaultConfigurationName = Release;
		};
/* End XCConfigurationList section */
	};
	rootObject = 99C6B7CF1E6EAB0C00237320 /* Project object */;
}
